
Microsoft Visual Studio Solution File, Format Version 12.00
# Visual Studio Version 17
VisualStudioVersion = 17.9.34728.123
MinimumVisualStudioVersion = 10.0.40219.1
Project("{9A19103F-16F7-4668-BE54-9A1E7A4F7556}") = "HistoryPoC", "HistoryPoC\HistoryPoC.csproj", "{84D6D482-813C-4776-9CDE-DDB8623B4A71}"
EndProject
Project("{9A19103F-16F7-4668-BE54-9A1E7A4F7556}") = "HistoryPoC.Desktop", "HistoryPoC.Desktop\HistoryPoC.Desktop.csproj", "{F29DB4C7-E227-4C71-BF34-47A012C80CB5}"
EndProject
Global
	GlobalSection(SolutionConfigurationPlatforms) = preSolution
		Debug|Any CPU = Debug|Any CPU
		Release|Any CPU = Release|Any CPU
	EndGlobalSection
	GlobalSection(ProjectConfigurationPlatforms) = postSolution
		{84D6D482-813C-4776-9CDE-DDB8623B4A71}.Debug|Any CPU.ActiveCfg = Debug|Any CPU
		{84D6D482-813C-4776-9CDE-DDB8623B4A71}.Debug|Any CPU.Build.0 = Debug|Any CPU
		{84D6D482-813C-4776-9CDE-DDB8623B4A71}.Release|Any CPU.ActiveCfg = Release|Any CPU
		{84D6D482-813C-4776-9CDE-DDB8623B4A71}.Release|Any CPU.Build.0 = Release|Any CPU
		{F29DB4C7-E227-4C71-BF34-47A012C80CB5}.Debug|Any CPU.ActiveCfg = Debug|Any CPU
		{F29DB4C7-E227-4C71-BF34-47A012C80CB5}.Debug|Any CPU.Build.0 = Debug|Any CPU
		{F29DB4C7-E227-4C71-BF34-47A012C80CB5}.Release|Any CPU.ActiveCfg = Release|Any CPU
		{F29DB4C7-E227-4C71-BF34-47A012C80CB5}.Release|Any CPU.Build.0 = Release|Any CPU
	EndGlobalSection
	GlobalSection(SolutionProperties) = preSolution
		HideSolutionNode = FALSE
	EndGlobalSection
	GlobalSection(ExtensibilityGlobals) = postSolution
		SolutionGuid = {672C7A6C-36D2-414E-BAA2-7F8DE5FE11A2}
	EndGlobalSection
EndGlobal
